// !$*UTF8*$!
{
	archiveVersion = 1;
	classes = {
	};
	objectVersion = 46;
	objects = {

/* Begin PBXBuildFile section */
		2700DA091EBC1852000026C9 /* SerialViewController.swift in Sources */ = {isa = PBXBuildFile; fileRef = 2700DA051EBC1852000026C9 /* SerialViewController.swift */; };
		2700DA0A1EBC1852000026C9 /* ScannerViewController.swift in Sources */ = {isa = PBXBuildFile; fileRef = 2700DA061EBC1852000026C9 /* ScannerViewController.swift */; };
		2700DA0B1EBC1852000026C9 /* PreferencesTableViewController.swift in Sources */ = {isa = PBXBuildFile; fileRef = 2700DA071EBC1852000026C9 /* PreferencesTableViewController.swift */; };
		2700DA0C1EBC1852000026C9 /* BluetoothSerial.swift in Sources */ = {isa = PBXBuildFile; fileRef = 2700DA081EBC1852000026C9 /* BluetoothSerial.swift */; };
		2700DA121EBC19EB000026C9 /* MBProgressHUD.m in Sources */ = {isa = PBXBuildFile; fileRef = 2700DA111EBC19EB000026C9 /* MBProgressHUD.m */; };
		27215A321DD2F6880053799A /* RideViewController.swift in Sources */ = {isa = PBXBuildFile; fileRef = 27215A311DD2F6880053799A /* RideViewController.swift */; };
		27CA86D11E6385F400CA8661 /* Main.storyboard in Resources */ = {isa = PBXBuildFile; fileRef = 27CA86CF1E6385F400CA8661 /* Main.storyboard */; };
		5A2E4DC9C8DB686E13FD8417 /* Pods_NimbleRideUITests.framework in Frameworks */ = {isa = PBXBuildFile; fileRef = E102AF0B9F0C2F21240BEDFE /* Pods_NimbleRideUITests.framework */; };
		E04082AD6598E4AD8844A45F /* Pods_NimbleRide.framework in Frameworks */ = {isa = PBXBuildFile; fileRef = BAD2BD88A65ADE2549075899 /* Pods_NimbleRide.framework */; };
		ED1B186C1E92131E007D0FD9 /* SettingsViewController.swift in Sources */ = {isa = PBXBuildFile; fileRef = ED1B186B1E92131E007D0FD9 /* SettingsViewController.swift */; };
		ED1B186E1E92138E007D0FD9 /* PairingViewController.swift in Sources */ = {isa = PBXBuildFile; fileRef = ED1B186D1E92138E007D0FD9 /* PairingViewController.swift */; };
		ED2058B81DD10D1B0029879B /* AppDelegate.swift in Sources */ = {isa = PBXBuildFile; fileRef = ED2058B71DD10D1B0029879B /* AppDelegate.swift */; };
		ED2058BA1DD10D1B0029879B /* ViewController.swift in Sources */ = {isa = PBXBuildFile; fileRef = ED2058B91DD10D1B0029879B /* ViewController.swift */; };
		ED2058BF1DD10D1B0029879B /* Assets.xcassets in Resources */ = {isa = PBXBuildFile; fileRef = ED2058BE1DD10D1B0029879B /* Assets.xcassets */; };
		ED2058C21DD10D1B0029879B /* LaunchScreen.storyboard in Resources */ = {isa = PBXBuildFile; fileRef = ED2058C01DD10D1B0029879B /* LaunchScreen.storyboard */; };
		ED2058CD1DD10D1B0029879B /* NimbleRideTests.swift in Sources */ = {isa = PBXBuildFile; fileRef = ED2058CC1DD10D1B0029879B /* NimbleRideTests.swift */; };
		ED2058D81DD10D1B0029879B /* NimbleRideUITests.swift in Sources */ = {isa = PBXBuildFile; fileRef = ED2058D71DD10D1B0029879B /* NimbleRideUITests.swift */; };
		ED2D8EF51EAD51D4002BDE07 /* MoreTabTableViewController.swift in Sources */ = {isa = PBXBuildFile; fileRef = ED2D8EF41EAD51D4002BDE07 /* MoreTabTableViewController.swift */; };
		ED5A2F551EADAE5C0015894B /* FindMoreFriendsViewController.swift in Sources */ = {isa = PBXBuildFile; fileRef = ED5A2F541EADAE5C0015894B /* FindMoreFriendsViewController.swift */; };
		ED95BF331EBFDD1000C47562 /* HelpViewControllerViewCell.swift in Sources */ = {isa = PBXBuildFile; fileRef = ED95BF321EBFDD1000C47562 /* HelpViewControllerViewCell.swift */; };
		ED95BF5A1EBFEC1200C47562 /* Actions.sks in Resources */ = {isa = PBXBuildFile; fileRef = ED95BF391EBFEC1200C47562 /* Actions.sks */; };
		ED95BF5B1EBFEC1200C47562 /* Assets.xcassets in Resources */ = {isa = PBXBuildFile; fileRef = ED95BF3A1EBFEC1200C47562 /* Assets.xcassets */; };
		ED95BF5C1EBFEC1200C47562 /* LaunchScreen.storyboard in Resources */ = {isa = PBXBuildFile; fileRef = ED95BF3B1EBFEC1200C47562 /* LaunchScreen.storyboard */; };
		ED95BF5D1EBFEC1200C47562 /* Main.storyboard in Resources */ = {isa = PBXBuildFile; fileRef = ED95BF3D1EBFEC1200C47562 /* Main.storyboard */; };
		ED95BF5E1EBFEC1200C47562 /* road.png in Resources */ = {isa = PBXBuildFile; fileRef = ED95BF411EBFEC1200C47562 /* road.png */; };
		ED95BF5F1EBFEC1200C47562 /* road@2x.png in Resources */ = {isa = PBXBuildFile; fileRef = ED95BF421EBFEC1200C47562 /* road@2x.png */; };
		ED95BF601EBFEC1200C47562 /* RoadView.swift in Sources */ = {isa = PBXBuildFile; fileRef = ED95BF431EBFEC1200C47562 /* RoadView.swift */; };
		ED95BF611EBFEC1200C47562 /* EnemyCarView.swift in Sources */ = {isa = PBXBuildFile; fileRef = ED95BF451EBFEC1200C47562 /* EnemyCarView.swift */; };
		ED95BF621EBFEC1200C47562 /* car4.png in Resources */ = {isa = PBXBuildFile; fileRef = ED95BF471EBFEC1200C47562 /* car4.png */; };
		ED95BF631EBFEC1200C47562 /* car4@2x.png in Resources */ = {isa = PBXBuildFile; fileRef = ED95BF481EBFEC1200C47562 /* car4@2x.png */; };
		ED95BF641EBFEC1200C47562 /* wölkchen.png in Resources */ = {isa = PBXBuildFile; fileRef = ED95BF491EBFEC1200C47562 /* wölkchen.png */; };
		ED95BF651EBFEC1200C47562 /* wölkchen@2x.png in Resources */ = {isa = PBXBuildFile; fileRef = ED95BF4A1EBFEC1200C47562 /* wölkchen@2x.png */; };
		ED95BF661EBFEC1200C47562 /* ExplosionView.swift in Sources */ = {isa = PBXBuildFile; fileRef = ED95BF4C1EBFEC1200C47562 /* ExplosionView.swift */; };
		ED95BF671EBFEC1200C47562 /* blam1.png in Resources */ = {isa = PBXBuildFile; fileRef = ED95BF4E1EBFEC1200C47562 /* blam1.png */; };
		ED95BF681EBFEC1200C47562 /* blam1@2x.png in Resources */ = {isa = PBXBuildFile; fileRef = ED95BF4F1EBFEC1200C47562 /* blam1@2x.png */; };
		ED95BF691EBFEC1200C47562 /* blam2.png in Resources */ = {isa = PBXBuildFile; fileRef = ED95BF501EBFEC1200C47562 /* blam2.png */; };
		ED95BF6A1EBFEC1200C47562 /* blam2@2x.png in Resources */ = {isa = PBXBuildFile; fileRef = ED95BF511EBFEC1200C47562 /* blam2@2x.png */; };
		ED95BF6B1EBFEC1200C47562 /* blam3.png in Resources */ = {isa = PBXBuildFile; fileRef = ED95BF521EBFEC1200C47562 /* blam3.png */; };
		ED95BF6C1EBFEC1200C47562 /* blam3@2x.png in Resources */ = {isa = PBXBuildFile; fileRef = ED95BF531EBFEC1200C47562 /* blam3@2x.png */; };
		ED95BF6D1EBFEC1200C47562 /* GameScene.sks in Resources */ = {isa = PBXBuildFile; fileRef = ED95BF541EBFEC1200C47562 /* GameScene.sks */; };
		ED95BF6E1EBFEC1200C47562 /* GameScene.swift in Sources */ = {isa = PBXBuildFile; fileRef = ED95BF551EBFEC1200C47562 /* GameScene.swift */; };
		ED95BF6F1EBFEC1200C47562 /* GameViewController.swift in Sources */ = {isa = PBXBuildFile; fileRef = ED95BF561EBFEC1200C47562 /* GameViewController.swift */; };
		ED95BF701EBFEC1200C47562 /* Info.plist in Resources */ = {isa = PBXBuildFile; fileRef = ED95BF571EBFEC1200C47562 /* Info.plist */; };
		ED95BF711EBFEC1200C47562 /* MenuViewController.swift in Sources */ = {isa = PBXBuildFile; fileRef = ED95BF581EBFEC1200C47562 /* MenuViewController.swift */; };
		ED95BF721EBFEC1200C47562 /* OptionsViewController.swift in Sources */ = {isa = PBXBuildFile; fileRef = ED95BF591EBFEC1200C47562 /* OptionsViewController.swift */; };
		ED9DCF3C1EAD6C5A00FC1326 /* SettingsViewControllerViewCell.swift in Sources */ = {isa = PBXBuildFile; fileRef = ED9DCF3B1EAD6C5A00FC1326 /* SettingsViewControllerViewCell.swift */; };
		ED9DCF3E1EAD712700FC1326 /* PremiumViewController.swift in Sources */ = {isa = PBXBuildFile; fileRef = ED9DCF3D1EAD712700FC1326 /* PremiumViewController.swift */; };
		ED9DCF401EAD71BE00FC1326 /* UnitsViewController.swift in Sources */ = {isa = PBXBuildFile; fileRef = ED9DCF3F1EAD71BE00FC1326 /* UnitsViewController.swift */; };
		ED9DCF421EAD73B300FC1326 /* ManageAccountsViewController.swift in Sources */ = {isa = PBXBuildFile; fileRef = ED9DCF411EAD73B300FC1326 /* ManageAccountsViewController.swift */; };
		ED9DCF441EAD73C000FC1326 /* MusicViewController.swift in Sources */ = {isa = PBXBuildFile; fileRef = ED9DCF431EAD73C000FC1326 /* MusicViewController.swift */; };
		ED9DCF461EAD73CE00FC1326 /* TOSViewController.swift in Sources */ = {isa = PBXBuildFile; fileRef = ED9DCF451EAD73CE00FC1326 /* TOSViewController.swift */; };
		ED9DCF481EAD73DC00FC1326 /* LogoutViewController.swift in Sources */ = {isa = PBXBuildFile; fileRef = ED9DCF471EAD73DC00FC1326 /* LogoutViewController.swift */; };
		ED9DCF4B1EAD751000FC1326 /* HelpViewController.swift in Sources */ = {isa = PBXBuildFile; fileRef = ED9DCF4A1EAD751000FC1326 /* HelpViewController.swift */; };
		EDB108FE1EB00653005B0D5F /* FeedViewController.swift in Sources */ = {isa = PBXBuildFile; fileRef = EDB108FD1EB00653005B0D5F /* FeedViewController.swift */; };
		EDBC49131E91B93D009C2FF4 /* FtueViewController.swift in Sources */ = {isa = PBXBuildFile; fileRef = EDBC49121E91B93D009C2FF4 /* FtueViewController.swift */; };
		EDCEDA021E91EE0A009799A1 /* MoreTabTableViewControllerViewCell.swift in Sources */ = {isa = PBXBuildFile; fileRef = EDCEDA011E91EE0A009799A1 /* MoreTabTableViewControllerViewCell.swift */; };
		EDDBEB201DDCE0F8004D00C6 /* AccountViewController.swift in Sources */ = {isa = PBXBuildFile; fileRef = EDDBEB1F1DDCE0F8004D00C6 /* AccountViewController.swift */; };
		FDD3ADFD6970ADFBB0B70A13 /* Pods_NimbleRideTests.framework in Frameworks */ = {isa = PBXBuildFile; fileRef = 5C55CE8595DFF6E44AC404F8 /* Pods_NimbleRideTests.framework */; };
/* End PBXBuildFile section */

/* Begin PBXContainerItemProxy section */
		ED2058C91DD10D1B0029879B /* PBXContainerItemProxy */ = {
			isa = PBXContainerItemProxy;
			containerPortal = ED2058AC1DD10D1B0029879B /* Project object */;
			proxyType = 1;
			remoteGlobalIDString = ED2058B31DD10D1B0029879B;
			remoteInfo = NimbleRide;
		};
		ED2058D41DD10D1B0029879B /* PBXContainerItemProxy */ = {
			isa = PBXContainerItemProxy;
			containerPortal = ED2058AC1DD10D1B0029879B /* Project object */;
			proxyType = 1;
			remoteGlobalIDString = ED2058B31DD10D1B0029879B;
			remoteInfo = NimbleRide;
		};
/* End PBXContainerItemProxy section */

/* Begin PBXFileReference section */
		0B6A8BC346991BC4337B6062 /* Pods-NimbleRide.debug.xcconfig */ = {isa = PBXFileReference; includeInIndex = 1; lastKnownFileType = text.xcconfig; name = "Pods-NimbleRide.debug.xcconfig"; path = "Pods/Target Support Files/Pods-NimbleRide/Pods-NimbleRide.debug.xcconfig"; sourceTree = "<group>"; };
		1553C7D9C7683D4A696A15B6 /* Pods-NimbleRideUITests.release.xcconfig */ = {isa = PBXFileReference; includeInIndex = 1; lastKnownFileType = text.xcconfig; name = "Pods-NimbleRideUITests.release.xcconfig"; path = "Pods/Target Support Files/Pods-NimbleRideUITests/Pods-NimbleRideUITests.release.xcconfig"; sourceTree = "<group>"; };
		2700DA051EBC1852000026C9 /* SerialViewController.swift */ = {isa = PBXFileReference; fileEncoding = 4; lastKnownFileType = sourcecode.swift; path = SerialViewController.swift; sourceTree = "<group>"; };
		2700DA061EBC1852000026C9 /* ScannerViewController.swift */ = {isa = PBXFileReference; fileEncoding = 4; lastKnownFileType = sourcecode.swift; path = ScannerViewController.swift; sourceTree = "<group>"; };
		2700DA071EBC1852000026C9 /* PreferencesTableViewController.swift */ = {isa = PBXFileReference; fileEncoding = 4; lastKnownFileType = sourcecode.swift; path = PreferencesTableViewController.swift; sourceTree = "<group>"; };
		2700DA081EBC1852000026C9 /* BluetoothSerial.swift */ = {isa = PBXFileReference; fileEncoding = 4; lastKnownFileType = sourcecode.swift; path = BluetoothSerial.swift; sourceTree = "<group>"; };
		2700DA101EBC19EB000026C9 /* MBProgressHUD.h */ = {isa = PBXFileReference; fileEncoding = 4; lastKnownFileType = sourcecode.c.h; path = MBProgressHUD.h; sourceTree = "<group>"; };
		2700DA111EBC19EB000026C9 /* MBProgressHUD.m */ = {isa = PBXFileReference; fileEncoding = 4; lastKnownFileType = sourcecode.c.objc; path = MBProgressHUD.m; sourceTree = "<group>"; };
		2700DA131EBC1A1F000026C9 /* Serial-Bridging-Header.h */ = {isa = PBXFileReference; lastKnownFileType = sourcecode.c.h; path = "Serial-Bridging-Header.h"; sourceTree = "<group>"; };
		270A745F1E7A32D000920FEE /* NimbleRide.entitlements */ = {isa = PBXFileReference; lastKnownFileType = text.plist.entitlements; path = NimbleRide.entitlements; sourceTree = "<group>"; };
		27215A311DD2F6880053799A /* RideViewController.swift */ = {isa = PBXFileReference; fileEncoding = 4; lastKnownFileType = sourcecode.swift; path = RideViewController.swift; sourceTree = "<group>"; };
		27CA86C91E63769300CA8661 /* FBSDKCoreKit.framework */ = {isa = PBXFileReference; lastKnownFileType = wrapper.framework; name = FBSDKCoreKit.framework; path = "Pods/../build/Debug-iphoneos/FBSDKCoreKit/FBSDKCoreKit.framework"; sourceTree = "<group>"; };
		27CA86CA1E63769300CA8661 /* FBSDKLoginKit.framework */ = {isa = PBXFileReference; lastKnownFileType = wrapper.framework; name = FBSDKLoginKit.framework; path = "Pods/../build/Debug-iphoneos/FBSDKLoginKit/FBSDKLoginKit.framework"; sourceTree = "<group>"; };
		27CA86CB1E63769300CA8661 /* FBSDKShareKit.framework */ = {isa = PBXFileReference; lastKnownFileType = wrapper.framework; name = FBSDKShareKit.framework; path = "Pods/../build/Debug-iphoneos/FBSDKShareKit/FBSDKShareKit.framework"; sourceTree = "<group>"; };
		27CA86D01E6385F400CA8661 /* Base */ = {isa = PBXFileReference; lastKnownFileType = file.storyboard; name = Base; path = Base.lproj/Main.storyboard; sourceTree = "<group>"; };
		378F7992FF3A92932C16FA7B /* Pods-NimbleRide.release.xcconfig */ = {isa = PBXFileReference; includeInIndex = 1; lastKnownFileType = text.xcconfig; name = "Pods-NimbleRide.release.xcconfig"; path = "Pods/Target Support Files/Pods-NimbleRide/Pods-NimbleRide.release.xcconfig"; sourceTree = "<group>"; };
		5C55CE8595DFF6E44AC404F8 /* Pods_NimbleRideTests.framework */ = {isa = PBXFileReference; explicitFileType = wrapper.framework; includeInIndex = 0; path = Pods_NimbleRideTests.framework; sourceTree = BUILT_PRODUCTS_DIR; };
		7CA89EC3B8BA531DFFBEE78A /* Pods-NimbleRideUITests.debug.xcconfig */ = {isa = PBXFileReference; includeInIndex = 1; lastKnownFileType = text.xcconfig; name = "Pods-NimbleRideUITests.debug.xcconfig"; path = "Pods/Target Support Files/Pods-NimbleRideUITests/Pods-NimbleRideUITests.debug.xcconfig"; sourceTree = "<group>"; };
		BAD2BD88A65ADE2549075899 /* Pods_NimbleRide.framework */ = {isa = PBXFileReference; explicitFileType = wrapper.framework; includeInIndex = 0; path = Pods_NimbleRide.framework; sourceTree = BUILT_PRODUCTS_DIR; };
		C4D6CA99DAF95E09BE7DD921 /* Pods-NimbleRideTests.release.xcconfig */ = {isa = PBXFileReference; includeInIndex = 1; lastKnownFileType = text.xcconfig; name = "Pods-NimbleRideTests.release.xcconfig"; path = "Pods/Target Support Files/Pods-NimbleRideTests/Pods-NimbleRideTests.release.xcconfig"; sourceTree = "<group>"; };
		E102AF0B9F0C2F21240BEDFE /* Pods_NimbleRideUITests.framework */ = {isa = PBXFileReference; explicitFileType = wrapper.framework; includeInIndex = 0; path = Pods_NimbleRideUITests.framework; sourceTree = BUILT_PRODUCTS_DIR; };
		ED1B186B1E92131E007D0FD9 /* SettingsViewController.swift */ = {isa = PBXFileReference; fileEncoding = 4; lastKnownFileType = sourcecode.swift; path = SettingsViewController.swift; sourceTree = "<group>"; };
		ED1B186D1E92138E007D0FD9 /* PairingViewController.swift */ = {isa = PBXFileReference; fileEncoding = 4; lastKnownFileType = sourcecode.swift; path = PairingViewController.swift; sourceTree = "<group>"; };
		ED2058B41DD10D1B0029879B /* NimbleRide.app */ = {isa = PBXFileReference; explicitFileType = wrapper.application; includeInIndex = 0; path = NimbleRide.app; sourceTree = BUILT_PRODUCTS_DIR; };
		ED2058B71DD10D1B0029879B /* AppDelegate.swift */ = {isa = PBXFileReference; lastKnownFileType = sourcecode.swift; path = AppDelegate.swift; sourceTree = "<group>"; };
		ED2058B91DD10D1B0029879B /* ViewController.swift */ = {isa = PBXFileReference; lastKnownFileType = sourcecode.swift; path = ViewController.swift; sourceTree = "<group>"; };
		ED2058BE1DD10D1B0029879B /* Assets.xcassets */ = {isa = PBXFileReference; lastKnownFileType = folder.assetcatalog; path = Assets.xcassets; sourceTree = "<group>"; };
		ED2058C11DD10D1B0029879B /* Base */ = {isa = PBXFileReference; lastKnownFileType = file.storyboard; name = Base; path = Base.lproj/LaunchScreen.storyboard; sourceTree = "<group>"; };
		ED2058C31DD10D1B0029879B /* Info.plist */ = {isa = PBXFileReference; explicitFileType = text.plist.info; path = Info.plist; sourceTree = "<group>"; };
		ED2058C81DD10D1B0029879B /* NimbleRideTests.xctest */ = {isa = PBXFileReference; explicitFileType = wrapper.cfbundle; includeInIndex = 0; path = NimbleRideTests.xctest; sourceTree = BUILT_PRODUCTS_DIR; };
		ED2058CC1DD10D1B0029879B /* NimbleRideTests.swift */ = {isa = PBXFileReference; lastKnownFileType = sourcecode.swift; path = NimbleRideTests.swift; sourceTree = "<group>"; };
		ED2058CE1DD10D1B0029879B /* Info.plist */ = {isa = PBXFileReference; lastKnownFileType = text.plist.xml; path = Info.plist; sourceTree = "<group>"; };
		ED2058D31DD10D1B0029879B /* NimbleRideUITests.xctest */ = {isa = PBXFileReference; explicitFileType = wrapper.cfbundle; includeInIndex = 0; path = NimbleRideUITests.xctest; sourceTree = BUILT_PRODUCTS_DIR; };
		ED2058D71DD10D1B0029879B /* NimbleRideUITests.swift */ = {isa = PBXFileReference; lastKnownFileType = sourcecode.swift; path = NimbleRideUITests.swift; sourceTree = "<group>"; };
		ED2058D91DD10D1B0029879B /* Info.plist */ = {isa = PBXFileReference; lastKnownFileType = text.plist.xml; path = Info.plist; sourceTree = "<group>"; };
		ED2D8EF41EAD51D4002BDE07 /* MoreTabTableViewController.swift */ = {isa = PBXFileReference; fileEncoding = 4; lastKnownFileType = sourcecode.swift; path = MoreTabTableViewController.swift; sourceTree = "<group>"; };
		ED5A2F541EADAE5C0015894B /* FindMoreFriendsViewController.swift */ = {isa = PBXFileReference; fileEncoding = 4; lastKnownFileType = sourcecode.swift; path = FindMoreFriendsViewController.swift; sourceTree = "<group>"; };
		ED95BF321EBFDD1000C47562 /* HelpViewControllerViewCell.swift */ = {isa = PBXFileReference; fileEncoding = 4; lastKnownFileType = sourcecode.swift; path = HelpViewControllerViewCell.swift; sourceTree = "<group>"; };
		ED95BF391EBFEC1200C47562 /* Actions.sks */ = {isa = PBXFileReference; lastKnownFileType = file.sks; path = Actions.sks; sourceTree = "<group>"; };
		ED95BF3A1EBFEC1200C47562 /* Assets.xcassets */ = {isa = PBXFileReference; lastKnownFileType = folder.assetcatalog; path = Assets.xcassets; sourceTree = "<group>"; };
		ED95BF3C1EBFEC1200C47562 /* Base */ = {isa = PBXFileReference; lastKnownFileType = file.storyboard; name = Base; path = Base.lproj/LaunchScreen.storyboard; sourceTree = "<group>"; };
		ED95BF3E1EBFEC1200C47562 /* Base */ = {isa = PBXFileReference; lastKnownFileType = file.storyboard; name = Base; path = Base.lproj/Main.storyboard; sourceTree = "<group>"; };
		ED95BF411EBFEC1200C47562 /* road.png */ = {isa = PBXFileReference; lastKnownFileType = image.png; path = road.png; sourceTree = "<group>"; };
		ED95BF421EBFEC1200C47562 /* road@2x.png */ = {isa = PBXFileReference; lastKnownFileType = image.png; path = "road@2x.png"; sourceTree = "<group>"; };
		ED95BF431EBFEC1200C47562 /* RoadView.swift */ = {isa = PBXFileReference; fileEncoding = 4; lastKnownFileType = sourcecode.swift; path = RoadView.swift; sourceTree = "<group>"; };
		ED95BF451EBFEC1200C47562 /* EnemyCarView.swift */ = {isa = PBXFileReference; fileEncoding = 4; lastKnownFileType = sourcecode.swift; path = EnemyCarView.swift; sourceTree = "<group>"; };
		ED95BF471EBFEC1200C47562 /* car4.png */ = {isa = PBXFileReference; lastKnownFileType = image.png; path = car4.png; sourceTree = "<group>"; };
		ED95BF481EBFEC1200C47562 /* car4@2x.png */ = {isa = PBXFileReference; lastKnownFileType = image.png; path = "car4@2x.png"; sourceTree = "<group>"; };
		ED95BF491EBFEC1200C47562 /* wölkchen.png */ = {isa = PBXFileReference; lastKnownFileType = image.png; path = "wölkchen.png"; sourceTree = "<group>"; };
		ED95BF4A1EBFEC1200C47562 /* wölkchen@2x.png */ = {isa = PBXFileReference; lastKnownFileType = image.png; path = "wölkchen@2x.png"; sourceTree = "<group>"; };
		ED95BF4C1EBFEC1200C47562 /* ExplosionView.swift */ = {isa = PBXFileReference; fileEncoding = 4; lastKnownFileType = sourcecode.swift; path = ExplosionView.swift; sourceTree = "<group>"; };
		ED95BF4E1EBFEC1200C47562 /* blam1.png */ = {isa = PBXFileReference; lastKnownFileType = image.png; path = blam1.png; sourceTree = "<group>"; };
		ED95BF4F1EBFEC1200C47562 /* blam1@2x.png */ = {isa = PBXFileReference; lastKnownFileType = image.png; path = "blam1@2x.png"; sourceTree = "<group>"; };
		ED95BF501EBFEC1200C47562 /* blam2.png */ = {isa = PBXFileReference; lastKnownFileType = image.png; path = blam2.png; sourceTree = "<group>"; };
		ED95BF511EBFEC1200C47562 /* blam2@2x.png */ = {isa = PBXFileReference; lastKnownFileType = image.png; path = "blam2@2x.png"; sourceTree = "<group>"; };
		ED95BF521EBFEC1200C47562 /* blam3.png */ = {isa = PBXFileReference; lastKnownFileType = image.png; path = blam3.png; sourceTree = "<group>"; };
		ED95BF531EBFEC1200C47562 /* blam3@2x.png */ = {isa = PBXFileReference; lastKnownFileType = image.png; path = "blam3@2x.png"; sourceTree = "<group>"; };
		ED95BF541EBFEC1200C47562 /* GameScene.sks */ = {isa = PBXFileReference; lastKnownFileType = file.sks; path = GameScene.sks; sourceTree = "<group>"; };
		ED95BF551EBFEC1200C47562 /* GameScene.swift */ = {isa = PBXFileReference; fileEncoding = 4; lastKnownFileType = sourcecode.swift; path = GameScene.swift; sourceTree = "<group>"; };
		ED95BF561EBFEC1200C47562 /* GameViewController.swift */ = {isa = PBXFileReference; fileEncoding = 4; lastKnownFileType = sourcecode.swift; path = GameViewController.swift; sourceTree = "<group>"; };
		ED95BF571EBFEC1200C47562 /* Info.plist */ = {isa = PBXFileReference; fileEncoding = 4; lastKnownFileType = text.plist.xml; path = Info.plist; sourceTree = "<group>"; };
		ED95BF581EBFEC1200C47562 /* MenuViewController.swift */ = {isa = PBXFileReference; fileEncoding = 4; lastKnownFileType = sourcecode.swift; path = MenuViewController.swift; sourceTree = "<group>"; };
		ED95BF591EBFEC1200C47562 /* OptionsViewController.swift */ = {isa = PBXFileReference; fileEncoding = 4; lastKnownFileType = sourcecode.swift; path = OptionsViewController.swift; sourceTree = "<group>"; };
		ED9DCF3B1EAD6C5A00FC1326 /* SettingsViewControllerViewCell.swift */ = {isa = PBXFileReference; fileEncoding = 4; lastKnownFileType = sourcecode.swift; path = SettingsViewControllerViewCell.swift; sourceTree = "<group>"; };
		ED9DCF3D1EAD712700FC1326 /* PremiumViewController.swift */ = {isa = PBXFileReference; fileEncoding = 4; lastKnownFileType = sourcecode.swift; path = PremiumViewController.swift; sourceTree = "<group>"; };
		ED9DCF3F1EAD71BE00FC1326 /* UnitsViewController.swift */ = {isa = PBXFileReference; fileEncoding = 4; lastKnownFileType = sourcecode.swift; path = UnitsViewController.swift; sourceTree = "<group>"; };
		ED9DCF411EAD73B300FC1326 /* ManageAccountsViewController.swift */ = {isa = PBXFileReference; fileEncoding = 4; lastKnownFileType = sourcecode.swift; path = ManageAccountsViewController.swift; sourceTree = "<group>"; };
		ED9DCF431EAD73C000FC1326 /* MusicViewController.swift */ = {isa = PBXFileReference; fileEncoding = 4; lastKnownFileType = sourcecode.swift; path = MusicViewController.swift; sourceTree = "<group>"; };
		ED9DCF451EAD73CE00FC1326 /* TOSViewController.swift */ = {isa = PBXFileReference; fileEncoding = 4; lastKnownFileType = sourcecode.swift; path = TOSViewController.swift; sourceTree = "<group>"; };
		ED9DCF471EAD73DC00FC1326 /* LogoutViewController.swift */ = {isa = PBXFileReference; fileEncoding = 4; lastKnownFileType = sourcecode.swift; path = LogoutViewController.swift; sourceTree = "<group>"; };
		ED9DCF4A1EAD751000FC1326 /* HelpViewController.swift */ = {isa = PBXFileReference; fileEncoding = 4; lastKnownFileType = sourcecode.swift; path = HelpViewController.swift; sourceTree = "<group>"; };
		EDB108FD1EB00653005B0D5F /* FeedViewController.swift */ = {isa = PBXFileReference; fileEncoding = 4; lastKnownFileType = sourcecode.swift; path = FeedViewController.swift; sourceTree = "<group>"; };
		EDBC49121E91B93D009C2FF4 /* FtueViewController.swift */ = {isa = PBXFileReference; fileEncoding = 4; lastKnownFileType = sourcecode.swift; path = FtueViewController.swift; sourceTree = "<group>"; };
		EDCEDA011E91EE0A009799A1 /* MoreTabTableViewControllerViewCell.swift */ = {isa = PBXFileReference; fileEncoding = 4; lastKnownFileType = sourcecode.swift; path = MoreTabTableViewControllerViewCell.swift; sourceTree = "<group>"; };
		EDDBEB1F1DDCE0F8004D00C6 /* AccountViewController.swift */ = {isa = PBXFileReference; fileEncoding = 4; lastKnownFileType = sourcecode.swift; path = AccountViewController.swift; sourceTree = "<group>"; };
		EE0C654AA8533192193238D7 /* Pods-NimbleRideTests.debug.xcconfig */ = {isa = PBXFileReference; includeInIndex = 1; lastKnownFileType = text.xcconfig; name = "Pods-NimbleRideTests.debug.xcconfig"; path = "Pods/Target Support Files/Pods-NimbleRideTests/Pods-NimbleRideTests.debug.xcconfig"; sourceTree = "<group>"; };
/* End PBXFileReference section */

/* Begin PBXFrameworksBuildPhase section */
		ED2058B11DD10D1B0029879B /* Frameworks */ = {
			isa = PBXFrameworksBuildPhase;
			buildActionMask = 2147483647;
			files = (
				E04082AD6598E4AD8844A45F /* Pods_NimbleRide.framework in Frameworks */,
			);
			runOnlyForDeploymentPostprocessing = 0;
		};
		ED2058C51DD10D1B0029879B /* Frameworks */ = {
			isa = PBXFrameworksBuildPhase;
			buildActionMask = 2147483647;
			files = (
				FDD3ADFD6970ADFBB0B70A13 /* Pods_NimbleRideTests.framework in Frameworks */,
			);
			runOnlyForDeploymentPostprocessing = 0;
		};
		ED2058D01DD10D1B0029879B /* Frameworks */ = {
			isa = PBXFrameworksBuildPhase;
			buildActionMask = 2147483647;
			files = (
				5A2E4DC9C8DB686E13FD8417 /* Pods_NimbleRideUITests.framework in Frameworks */,
			);
			runOnlyForDeploymentPostprocessing = 0;
		};
/* End PBXFrameworksBuildPhase section */

/* Begin PBXGroup section */
		99806B09DDE8BF9E4DC41390 /* Frameworks */ = {
			isa = PBXGroup;
			children = (
				27CA86C91E63769300CA8661 /* FBSDKCoreKit.framework */,
				27CA86CA1E63769300CA8661 /* FBSDKLoginKit.framework */,
				27CA86CB1E63769300CA8661 /* FBSDKShareKit.framework */,
				BAD2BD88A65ADE2549075899 /* Pods_NimbleRide.framework */,
				5C55CE8595DFF6E44AC404F8 /* Pods_NimbleRideTests.framework */,
				E102AF0B9F0C2F21240BEDFE /* Pods_NimbleRideUITests.framework */,
			);
			name = Frameworks;
			sourceTree = "<group>";
		};
		ED2058AB1DD10D1B0029879B = {
			isa = PBXGroup;
			children = (
				ED95BF381EBFEC1200C47562 /* CityCycler */,
				ED2058B61DD10D1B0029879B /* NimbleRide */,
				ED2058CB1DD10D1B0029879B /* NimbleRideTests */,
				ED2058D61DD10D1B0029879B /* NimbleRideUITests */,
				ED2058B51DD10D1B0029879B /* Products */,
				F8352209F7021EB8889A697D /* Pods */,
				99806B09DDE8BF9E4DC41390 /* Frameworks */,
			);
			sourceTree = "<group>";
		};
		ED2058B51DD10D1B0029879B /* Products */ = {
			isa = PBXGroup;
			children = (
				ED2058B41DD10D1B0029879B /* NimbleRide.app */,
				ED2058C81DD10D1B0029879B /* NimbleRideTests.xctest */,
				ED2058D31DD10D1B0029879B /* NimbleRideUITests.xctest */,
			);
			name = Products;
			sourceTree = "<group>";
		};
		ED2058B61DD10D1B0029879B /* NimbleRide */ = {
			isa = PBXGroup;
			children = (
				270A745F1E7A32D000920FEE /* NimbleRide.entitlements */,
				27CA86CF1E6385F400CA8661 /* Main.storyboard */,
				2700DA101EBC19EB000026C9 /* MBProgressHUD.h */,
				2700DA111EBC19EB000026C9 /* MBProgressHUD.m */,
				2700DA051EBC1852000026C9 /* SerialViewController.swift */,
				2700DA061EBC1852000026C9 /* ScannerViewController.swift */,
				2700DA071EBC1852000026C9 /* PreferencesTableViewController.swift */,
				2700DA081EBC1852000026C9 /* BluetoothSerial.swift */,
				EDDBEB1F1DDCE0F8004D00C6 /* AccountViewController.swift */,
				ED1B186D1E92138E007D0FD9 /* PairingViewController.swift */,
				ED2058B71DD10D1B0029879B /* AppDelegate.swift */,
				ED2058B91DD10D1B0029879B /* ViewController.swift */,
				ED5A2F541EADAE5C0015894B /* FindMoreFriendsViewController.swift */,
				ED1B186B1E92131E007D0FD9 /* SettingsViewController.swift */,
				ED9DCF3B1EAD6C5A00FC1326 /* SettingsViewControllerViewCell.swift */,
				ED9DCF491EAD748C00FC1326 /* Settings */,
				EDBC49121E91B93D009C2FF4 /* FtueViewController.swift */,
				27215A311DD2F6880053799A /* RideViewController.swift */,
				ED2D8EF41EAD51D4002BDE07 /* MoreTabTableViewController.swift */,
				EDCEDA011E91EE0A009799A1 /* MoreTabTableViewControllerViewCell.swift */,
				EDB108FD1EB00653005B0D5F /* FeedViewController.swift */,
				ED2058BE1DD10D1B0029879B /* Assets.xcassets */,
				ED2058C01DD10D1B0029879B /* LaunchScreen.storyboard */,
				ED2058C31DD10D1B0029879B /* Info.plist */,
				2700DA131EBC1A1F000026C9 /* Serial-Bridging-Header.h */,
			);
			path = NimbleRide;
			sourceTree = "<group>";
		};
		ED2058CB1DD10D1B0029879B /* NimbleRideTests */ = {
			isa = PBXGroup;
			children = (
				ED2058CC1DD10D1B0029879B /* NimbleRideTests.swift */,
				ED2058CE1DD10D1B0029879B /* Info.plist */,
			);
			path = NimbleRideTests;
			sourceTree = "<group>";
		};
		ED2058D61DD10D1B0029879B /* NimbleRideUITests */ = {
			isa = PBXGroup;
			children = (
				ED2058D71DD10D1B0029879B /* NimbleRideUITests.swift */,
				ED2058D91DD10D1B0029879B /* Info.plist */,
			);
			path = NimbleRideUITests;
			sourceTree = "<group>";
		};
		ED95BF381EBFEC1200C47562 /* CityCycler */ = {
			isa = PBXGroup;
			children = (
				ED95BF391EBFEC1200C47562 /* Actions.sks */,
				ED95BF3A1EBFEC1200C47562 /* Assets.xcassets */,
				ED95BF3B1EBFEC1200C47562 /* LaunchScreen.storyboard */,
				ED95BF3D1EBFEC1200C47562 /* Main.storyboard */,
				ED95BF3F1EBFEC1200C47562 /* driveAnimation */,
				ED95BF441EBFEC1200C47562 /* EnemyAnimationss */,
				ED95BF4B1EBFEC1200C47562 /* explosion */,
				ED95BF541EBFEC1200C47562 /* GameScene.sks */,
				ED95BF551EBFEC1200C47562 /* GameScene.swift */,
				ED95BF561EBFEC1200C47562 /* GameViewController.swift */,
				ED95BF571EBFEC1200C47562 /* Info.plist */,
				ED95BF581EBFEC1200C47562 /* MenuViewController.swift */,
				ED95BF591EBFEC1200C47562 /* OptionsViewController.swift */,
			);
			path = CityCycler;
			sourceTree = "<group>";
		};
		ED95BF3F1EBFEC1200C47562 /* driveAnimation */ = {
			isa = PBXGroup;
			children = (
				ED95BF401EBFEC1200C47562 /* images */,
				ED95BF431EBFEC1200C47562 /* RoadView.swift */,
			);
			path = driveAnimation;
			sourceTree = "<group>";
		};
		ED95BF401EBFEC1200C47562 /* images */ = {
			isa = PBXGroup;
			children = (
				ED95BF411EBFEC1200C47562 /* road.png */,
				ED95BF421EBFEC1200C47562 /* road@2x.png */,
			);
			path = images;
			sourceTree = "<group>";
		};
		ED95BF441EBFEC1200C47562 /* EnemyAnimationss */ = {
			isa = PBXGroup;
			children = (
				ED95BF451EBFEC1200C47562 /* EnemyCarView.swift */,
				ED95BF461EBFEC1200C47562 /* images */,
			);
			path = EnemyAnimationss;
			sourceTree = "<group>";
		};
		ED95BF461EBFEC1200C47562 /* images */ = {
			isa = PBXGroup;
			children = (
				ED95BF471EBFEC1200C47562 /* car4.png */,
				ED95BF481EBFEC1200C47562 /* car4@2x.png */,
				ED95BF491EBFEC1200C47562 /* wölkchen.png */,
				ED95BF4A1EBFEC1200C47562 /* wölkchen@2x.png */,
			);
			path = images;
			sourceTree = "<group>";
		};
		ED95BF4B1EBFEC1200C47562 /* explosion */ = {
			isa = PBXGroup;
			children = (
				ED95BF4C1EBFEC1200C47562 /* ExplosionView.swift */,
				ED95BF4D1EBFEC1200C47562 /* images */,
			);
			path = explosion;
			sourceTree = "<group>";
		};
		ED95BF4D1EBFEC1200C47562 /* images */ = {
			isa = PBXGroup;
			children = (
				ED95BF4E1EBFEC1200C47562 /* blam1.png */,
				ED95BF4F1EBFEC1200C47562 /* blam1@2x.png */,
				ED95BF501EBFEC1200C47562 /* blam2.png */,
				ED95BF511EBFEC1200C47562 /* blam2@2x.png */,
				ED95BF521EBFEC1200C47562 /* blam3.png */,
				ED95BF531EBFEC1200C47562 /* blam3@2x.png */,
			);
			path = images;
			sourceTree = "<group>";
		};
		ED9DCF491EAD748C00FC1326 /* Settings */ = {
			isa = PBXGroup;
			children = (
				ED9DCF3D1EAD712700FC1326 /* PremiumViewController.swift */,
				ED9DCF3F1EAD71BE00FC1326 /* UnitsViewController.swift */,
				ED9DCF4A1EAD751000FC1326 /* HelpViewController.swift */,
				ED95BF321EBFDD1000C47562 /* HelpViewControllerViewCell.swift */,
				ED9DCF411EAD73B300FC1326 /* ManageAccountsViewController.swift */,
				ED9DCF431EAD73C000FC1326 /* MusicViewController.swift */,
				ED9DCF451EAD73CE00FC1326 /* TOSViewController.swift */,
				ED9DCF471EAD73DC00FC1326 /* LogoutViewController.swift */,
			);
			name = Settings;
			sourceTree = "<group>";
		};
		F8352209F7021EB8889A697D /* Pods */ = {
			isa = PBXGroup;
			children = (
				0B6A8BC346991BC4337B6062 /* Pods-NimbleRide.debug.xcconfig */,
				378F7992FF3A92932C16FA7B /* Pods-NimbleRide.release.xcconfig */,
				EE0C654AA8533192193238D7 /* Pods-NimbleRideTests.debug.xcconfig */,
				C4D6CA99DAF95E09BE7DD921 /* Pods-NimbleRideTests.release.xcconfig */,
				7CA89EC3B8BA531DFFBEE78A /* Pods-NimbleRideUITests.debug.xcconfig */,
				1553C7D9C7683D4A696A15B6 /* Pods-NimbleRideUITests.release.xcconfig */,
			);
			name = Pods;
			sourceTree = "<group>";
		};
/* End PBXGroup section */

/* Begin PBXNativeTarget section */
		ED2058B31DD10D1B0029879B /* NimbleRide */ = {
			isa = PBXNativeTarget;
			buildConfigurationList = ED2058DC1DD10D1B0029879B /* Build configuration list for PBXNativeTarget "NimbleRide" */;
			buildPhases = (
				73E5B4C5DFCFF1F3A5FCFC73 /* [CP] Check Pods Manifest.lock */,
				ED2058B01DD10D1B0029879B /* Sources */,
				ED2058B11DD10D1B0029879B /* Frameworks */,
				ED2058B21DD10D1B0029879B /* Resources */,
				FB69F78DF39A5403BE66F291 /* [CP] Embed Pods Frameworks */,
				6CA887393D619EDEC907152E /* [CP] Copy Pods Resources */,
			);
			buildRules = (
			);
			dependencies = (
			);
			name = NimbleRide;
			productName = NimbleRide;
			productReference = ED2058B41DD10D1B0029879B /* NimbleRide.app */;
			productType = "com.apple.product-type.application";
		};
		ED2058C71DD10D1B0029879B /* NimbleRideTests */ = {
			isa = PBXNativeTarget;
			buildConfigurationList = ED2058DF1DD10D1B0029879B /* Build configuration list for PBXNativeTarget "NimbleRideTests" */;
			buildPhases = (
				A866D8AC904D44D1ABF1A407 /* [CP] Check Pods Manifest.lock */,
				ED2058C41DD10D1B0029879B /* Sources */,
				ED2058C51DD10D1B0029879B /* Frameworks */,
				ED2058C61DD10D1B0029879B /* Resources */,
				636A38EB46E85A5C6779325C /* [CP] Embed Pods Frameworks */,
				556733D24A60C7BAC0178F67 /* [CP] Copy Pods Resources */,
			);
			buildRules = (
			);
			dependencies = (
				ED2058CA1DD10D1B0029879B /* PBXTargetDependency */,
			);
			name = NimbleRideTests;
			productName = NimbleRideTests;
			productReference = ED2058C81DD10D1B0029879B /* NimbleRideTests.xctest */;
			productType = "com.apple.product-type.bundle.unit-test";
		};
		ED2058D21DD10D1B0029879B /* NimbleRideUITests */ = {
			isa = PBXNativeTarget;
			buildConfigurationList = ED2058E21DD10D1B0029879B /* Build configuration list for PBXNativeTarget "NimbleRideUITests" */;
			buildPhases = (
				1DF066980864890C3D60AD5F /* [CP] Check Pods Manifest.lock */,
				ED2058CF1DD10D1B0029879B /* Sources */,
				ED2058D01DD10D1B0029879B /* Frameworks */,
				ED2058D11DD10D1B0029879B /* Resources */,
				AE483FBE6A3D75CBCC8A4A3B /* [CP] Embed Pods Frameworks */,
				9AE3013607CA9221B6985525 /* [CP] Copy Pods Resources */,
			);
			buildRules = (
			);
			dependencies = (
				ED2058D51DD10D1B0029879B /* PBXTargetDependency */,
			);
			name = NimbleRideUITests;
			productName = NimbleRideUITests;
			productReference = ED2058D31DD10D1B0029879B /* NimbleRideUITests.xctest */;
			productType = "com.apple.product-type.bundle.ui-testing";
		};
/* End PBXNativeTarget section */

/* Begin PBXProject section */
		ED2058AC1DD10D1B0029879B /* Project object */ = {
			isa = PBXProject;
			attributes = {
				LastSwiftUpdateCheck = 0800;
				LastUpgradeCheck = 0820;
				ORGANIZATIONNAME = "Alejandro Puente";
				TargetAttributes = {
					ED2058B31DD10D1B0029879B = {
						CreatedOnToolsVersion = 8.0;
						DevelopmentTeam = LAPKZ7JHB5;
						LastSwiftMigration = 0830;
						ProvisioningStyle = Automatic;
						SystemCapabilities = {
							com.apple.BackgroundModes = {
								enabled = 0;
							};
							com.apple.Keychain = {
								enabled = 1;
							};
						};
					};
					ED2058C71DD10D1B0029879B = {
						CreatedOnToolsVersion = 8.0;
						DevelopmentTeam = 97E8A4AYGV;
						ProvisioningStyle = Automatic;
						TestTargetID = ED2058B31DD10D1B0029879B;
					};
					ED2058D21DD10D1B0029879B = {
						CreatedOnToolsVersion = 8.0;
						DevelopmentTeam = 97E8A4AYGV;
						ProvisioningStyle = Automatic;
						TestTargetID = ED2058B31DD10D1B0029879B;
					};
				};
			};
			buildConfigurationList = ED2058AF1DD10D1B0029879B /* Build configuration list for PBXProject "NimbleRide" */;
			compatibilityVersion = "Xcode 3.2";
			developmentRegion = English;
			hasScannedForEncodings = 0;
			knownRegions = (
				en,
				Base,
			);
			mainGroup = ED2058AB1DD10D1B0029879B;
			productRefGroup = ED2058B51DD10D1B0029879B /* Products */;
			projectDirPath = "";
			projectRoot = "";
			targets = (
				ED2058B31DD10D1B0029879B /* NimbleRide */,
				ED2058C71DD10D1B0029879B /* NimbleRideTests */,
				ED2058D21DD10D1B0029879B /* NimbleRideUITests */,
			);
		};
/* End PBXProject section */

/* Begin PBXResourcesBuildPhase section */
		ED2058B21DD10D1B0029879B /* Resources */ = {
			isa = PBXResourcesBuildPhase;
			buildActionMask = 2147483647;
			files = (
				ED95BF631EBFEC1200C47562 /* car4@2x.png in Resources */,
				ED95BF5D1EBFEC1200C47562 /* Main.storyboard in Resources */,
				ED95BF681EBFEC1200C47562 /* blam1@2x.png in Resources */,
				ED95BF621EBFEC1200C47562 /* car4.png in Resources */,
				ED95BF6C1EBFEC1200C47562 /* blam3@2x.png in Resources */,
				ED95BF671EBFEC1200C47562 /* blam1.png in Resources */,
				ED95BF651EBFEC1200C47562 /* wölkchen@2x.png in Resources */,
				ED95BF641EBFEC1200C47562 /* wölkchen.png in Resources */,
				ED95BF5F1EBFEC1200C47562 /* road@2x.png in Resources */,
				ED95BF5E1EBFEC1200C47562 /* road.png in Resources */,
				27CA86D11E6385F400CA8661 /* Main.storyboard in Resources */,
				ED95BF691EBFEC1200C47562 /* blam2.png in Resources */,
				ED95BF6B1EBFEC1200C47562 /* blam3.png in Resources */,
				ED95BF6A1EBFEC1200C47562 /* blam2@2x.png in Resources */,
				ED2058C21DD10D1B0029879B /* LaunchScreen.storyboard in Resources */,
				ED2058BF1DD10D1B0029879B /* Assets.xcassets in Resources */,
				ED95BF6D1EBFEC1200C47562 /* GameScene.sks in Resources */,
				ED95BF5C1EBFEC1200C47562 /* LaunchScreen.storyboard in Resources */,
				ED95BF5A1EBFEC1200C47562 /* Actions.sks in Resources */,
				ED95BF5B1EBFEC1200C47562 /* Assets.xcassets in Resources */,
				ED95BF701EBFEC1200C47562 /* Info.plist in Resources */,
			);
			runOnlyForDeploymentPostprocessing = 0;
		};
		ED2058C61DD10D1B0029879B /* Resources */ = {
			isa = PBXResourcesBuildPhase;
			buildActionMask = 2147483647;
			files = (
			);
			runOnlyForDeploymentPostprocessing = 0;
		};
		ED2058D11DD10D1B0029879B /* Resources */ = {
			isa = PBXResourcesBuildPhase;
			buildActionMask = 2147483647;
			files = (
			);
			runOnlyForDeploymentPostprocessing = 0;
		};
/* End PBXResourcesBuildPhase section */

/* Begin PBXShellScriptBuildPhase section */
		1DF066980864890C3D60AD5F /* [CP] Check Pods Manifest.lock */ = {
			isa = PBXShellScriptBuildPhase;
			buildActionMask = 2147483647;
			files = (
			);
			inputPaths = (
			);
			name = "[CP] Check Pods Manifest.lock";
			outputPaths = (
			);
			runOnlyForDeploymentPostprocessing = 0;
			shellPath = /bin/sh;
			shellScript = "diff \"${PODS_ROOT}/../Podfile.lock\" \"${PODS_ROOT}/Manifest.lock\" > /dev/null\nif [ $? != 0 ] ; then\n    # print error to STDERR\n    echo \"error: The sandbox is not in sync with the Podfile.lock. Run 'pod install' or update your CocoaPods installation.\" >&2\n    exit 1\nfi\n";
			showEnvVarsInLog = 0;
		};
		556733D24A60C7BAC0178F67 /* [CP] Copy Pods Resources */ = {
			isa = PBXShellScriptBuildPhase;
			buildActionMask = 2147483647;
			files = (
			);
			inputPaths = (
			);
			name = "[CP] Copy Pods Resources";
			outputPaths = (
			);
			runOnlyForDeploymentPostprocessing = 0;
			shellPath = /bin/sh;
			shellScript = "\"${SRCROOT}/Pods/Target Support Files/Pods-NimbleRideTests/Pods-NimbleRideTests-resources.sh\"\n";
			showEnvVarsInLog = 0;
		};
		636A38EB46E85A5C6779325C /* [CP] Embed Pods Frameworks */ = {
			isa = PBXShellScriptBuildPhase;
			buildActionMask = 2147483647;
			files = (
			);
			inputPaths = (
			);
			name = "[CP] Embed Pods Frameworks";
			outputPaths = (
			);
			runOnlyForDeploymentPostprocessing = 0;
			shellPath = /bin/sh;
			shellScript = "\"${SRCROOT}/Pods/Target Support Files/Pods-NimbleRideTests/Pods-NimbleRideTests-frameworks.sh\"\n";
			showEnvVarsInLog = 0;
		};
		6CA887393D619EDEC907152E /* [CP] Copy Pods Resources */ = {
			isa = PBXShellScriptBuildPhase;
			buildActionMask = 2147483647;
			files = (
			);
			inputPaths = (
			);
			name = "[CP] Copy Pods Resources";
			outputPaths = (
			);
			runOnlyForDeploymentPostprocessing = 0;
			shellPath = /bin/sh;
			shellScript = "\"${SRCROOT}/Pods/Target Support Files/Pods-NimbleRide/Pods-NimbleRide-resources.sh\"\n";
			showEnvVarsInLog = 0;
		};
		73E5B4C5DFCFF1F3A5FCFC73 /* [CP] Check Pods Manifest.lock */ = {
			isa = PBXShellScriptBuildPhase;
			buildActionMask = 2147483647;
			files = (
			);
			inputPaths = (
			);
			name = "[CP] Check Pods Manifest.lock";
			outputPaths = (
			);
			runOnlyForDeploymentPostprocessing = 0;
			shellPath = /bin/sh;
			shellScript = "diff \"${PODS_ROOT}/../Podfile.lock\" \"${PODS_ROOT}/Manifest.lock\" > /dev/null\nif [ $? != 0 ] ; then\n    # print error to STDERR\n    echo \"error: The sandbox is not in sync with the Podfile.lock. Run 'pod install' or update your CocoaPods installation.\" >&2\n    exit 1\nfi\n";
			showEnvVarsInLog = 0;
		};
		9AE3013607CA9221B6985525 /* [CP] Copy Pods Resources */ = {
			isa = PBXShellScriptBuildPhase;
			buildActionMask = 2147483647;
			files = (
			);
			inputPaths = (
			);
			name = "[CP] Copy Pods Resources";
			outputPaths = (
			);
			runOnlyForDeploymentPostprocessing = 0;
			shellPath = /bin/sh;
			shellScript = "\"${SRCROOT}/Pods/Target Support Files/Pods-NimbleRideUITests/Pods-NimbleRideUITests-resources.sh\"\n";
			showEnvVarsInLog = 0;
		};
		A866D8AC904D44D1ABF1A407 /* [CP] Check Pods Manifest.lock */ = {
			isa = PBXShellScriptBuildPhase;
			buildActionMask = 2147483647;
			files = (
			);
			inputPaths = (
			);
			name = "[CP] Check Pods Manifest.lock";
			outputPaths = (
			);
			runOnlyForDeploymentPostprocessing = 0;
			shellPath = /bin/sh;
			shellScript = "diff \"${PODS_ROOT}/../Podfile.lock\" \"${PODS_ROOT}/Manifest.lock\" > /dev/null\nif [ $? != 0 ] ; then\n    # print error to STDERR\n    echo \"error: The sandbox is not in sync with the Podfile.lock. Run 'pod install' or update your CocoaPods installation.\" >&2\n    exit 1\nfi\n";
			showEnvVarsInLog = 0;
		};
		AE483FBE6A3D75CBCC8A4A3B /* [CP] Embed Pods Frameworks */ = {
			isa = PBXShellScriptBuildPhase;
			buildActionMask = 2147483647;
			files = (
			);
			inputPaths = (
			);
			name = "[CP] Embed Pods Frameworks";
			outputPaths = (
			);
			runOnlyForDeploymentPostprocessing = 0;
			shellPath = /bin/sh;
			shellScript = "\"${SRCROOT}/Pods/Target Support Files/Pods-NimbleRideUITests/Pods-NimbleRideUITests-frameworks.sh\"\n";
			showEnvVarsInLog = 0;
		};
		FB69F78DF39A5403BE66F291 /* [CP] Embed Pods Frameworks */ = {
			isa = PBXShellScriptBuildPhase;
			buildActionMask = 2147483647;
			files = (
			);
			inputPaths = (
			);
			name = "[CP] Embed Pods Frameworks";
			outputPaths = (
			);
			runOnlyForDeploymentPostprocessing = 0;
			shellPath = /bin/sh;
			shellScript = "\"${SRCROOT}/Pods/Target Support Files/Pods-NimbleRide/Pods-NimbleRide-frameworks.sh\"\n";
			showEnvVarsInLog = 0;
		};
/* End PBXShellScriptBuildPhase section */

/* Begin PBXSourcesBuildPhase section */
		ED2058B01DD10D1B0029879B /* Sources */ = {
			isa = PBXSourcesBuildPhase;
			buildActionMask = 2147483647;
			files = (
				ED9DCF3E1EAD712700FC1326 /* PremiumViewController.swift in Sources */,
				ED95BF721EBFEC1200C47562 /* OptionsViewController.swift in Sources */,
				ED9DCF401EAD71BE00FC1326 /* UnitsViewController.swift in Sources */,
				ED95BF661EBFEC1200C47562 /* ExplosionView.swift in Sources */,
				ED95BF6E1EBFEC1200C47562 /* GameScene.swift in Sources */,
				EDBC49131E91B93D009C2FF4 /* FtueViewController.swift in Sources */,
				ED9DCF421EAD73B300FC1326 /* ManageAccountsViewController.swift in Sources */,
				2700DA091EBC1852000026C9 /* SerialViewController.swift in Sources */,
				ED95BF711EBFEC1200C47562 /* MenuViewController.swift in Sources */,
				EDCEDA021E91EE0A009799A1 /* MoreTabTableViewControllerViewCell.swift in Sources */,
				ED95BF331EBFDD1000C47562 /* HelpViewControllerViewCell.swift in Sources */,
				ED9DCF481EAD73DC00FC1326 /* LogoutViewController.swift in Sources */,
				ED95BF6F1EBFEC1200C47562 /* GameViewController.swift in Sources */,
				2700DA121EBC19EB000026C9 /* MBProgressHUD.m in Sources */,
				2700DA0C1EBC1852000026C9 /* BluetoothSerial.swift in Sources */,
				ED95BF611EBFEC1200C47562 /* EnemyCarView.swift in Sources */,
				2700DA0A1EBC1852000026C9 /* ScannerViewController.swift in Sources */,
				ED2058BA1DD10D1B0029879B /* ViewController.swift in Sources */,
				ED9DCF441EAD73C000FC1326 /* MusicViewController.swift in Sources */,
				ED9DCF461EAD73CE00FC1326 /* TOSViewController.swift in Sources */,
				ED2058B81DD10D1B0029879B /* AppDelegate.swift in Sources */,
				EDDBEB201DDCE0F8004D00C6 /* AccountViewController.swift in Sources */,
				ED5A2F551EADAE5C0015894B /* FindMoreFriendsViewController.swift in Sources */,
				EDB108FE1EB00653005B0D5F /* FeedViewController.swift in Sources */,
				27215A321DD2F6880053799A /* RideViewController.swift in Sources */,
				ED9DCF4B1EAD751000FC1326 /* HelpViewController.swift in Sources */,
				ED1B186E1E92138E007D0FD9 /* PairingViewController.swift in Sources */,
				2700DA0B1EBC1852000026C9 /* PreferencesTableViewController.swift in Sources */,
				ED95BF601EBFEC1200C47562 /* RoadView.swift in Sources */,
				ED2D8EF51EAD51D4002BDE07 /* MoreTabTableViewController.swift in Sources */,
				ED9DCF3C1EAD6C5A00FC1326 /* SettingsViewControllerViewCell.swift in Sources */,
				ED1B186C1E92131E007D0FD9 /* SettingsViewController.swift in Sources */,
			);
			runOnlyForDeploymentPostprocessing = 0;
		};
		ED2058C41DD10D1B0029879B /* Sources */ = {
			isa = PBXSourcesBuildPhase;
			buildActionMask = 2147483647;
			files = (
				ED2058CD1DD10D1B0029879B /* NimbleRideTests.swift in Sources */,
			);
			runOnlyForDeploymentPostprocessing = 0;
		};
		ED2058CF1DD10D1B0029879B /* Sources */ = {
			isa = PBXSourcesBuildPhase;
			buildActionMask = 2147483647;
			files = (
				ED2058D81DD10D1B0029879B /* NimbleRideUITests.swift in Sources */,
			);
			runOnlyForDeploymentPostprocessing = 0;
		};
/* End PBXSourcesBuildPhase section */

/* Begin PBXTargetDependency section */
		ED2058CA1DD10D1B0029879B /* PBXTargetDependency */ = {
			isa = PBXTargetDependency;
			target = ED2058B31DD10D1B0029879B /* NimbleRide */;
			targetProxy = ED2058C91DD10D1B0029879B /* PBXContainerItemProxy */;
		};
		ED2058D51DD10D1B0029879B /* PBXTargetDependency */ = {
			isa = PBXTargetDependency;
			target = ED2058B31DD10D1B0029879B /* NimbleRide */;
			targetProxy = ED2058D41DD10D1B0029879B /* PBXContainerItemProxy */;
		};
/* End PBXTargetDependency section */

/* Begin PBXVariantGroup section */
		27CA86CF1E6385F400CA8661 /* Main.storyboard */ = {
			isa = PBXVariantGroup;
			children = (
				27CA86D01E6385F400CA8661 /* Base */,
			);
			name = Main.storyboard;
			sourceTree = "<group>";
		};
		ED2058C01DD10D1B0029879B /* LaunchScreen.storyboard */ = {
			isa = PBXVariantGroup;
			children = (
				ED2058C11DD10D1B0029879B /* Base */,
			);
			name = LaunchScreen.storyboard;
			sourceTree = "<group>";
		};
		ED95BF3B1EBFEC1200C47562 /* LaunchScreen.storyboard */ = {
			isa = PBXVariantGroup;
			children = (
				ED95BF3C1EBFEC1200C47562 /* Base */,
			);
			name = LaunchScreen.storyboard;
			sourceTree = "<group>";
		};
		ED95BF3D1EBFEC1200C47562 /* Main.storyboard */ = {
			isa = PBXVariantGroup;
			children = (
				ED95BF3E1EBFEC1200C47562 /* Base */,
			);
			name = Main.storyboard;
			sourceTree = "<group>";
		};
/* End PBXVariantGroup section */

/* Begin XCBuildConfiguration section */
		ED2058DA1DD10D1B0029879B /* Debug */ = {
			isa = XCBuildConfiguration;
			buildSettings = {
				ALWAYS_SEARCH_USER_PATHS = NO;
				CLANG_ANALYZER_NONNULL = YES;
				CLANG_CXX_LANGUAGE_STANDARD = "gnu++0x";
				CLANG_CXX_LIBRARY = "libc++";
				CLANG_ENABLE_MODULES = YES;
				CLANG_ENABLE_OBJC_ARC = YES;
				CLANG_WARN_BOOL_CONVERSION = YES;
				CLANG_WARN_CONSTANT_CONVERSION = YES;
				CLANG_WARN_DIRECT_OBJC_ISA_USAGE = YES_ERROR;
				CLANG_WARN_DOCUMENTATION_COMMENTS = YES;
				CLANG_WARN_EMPTY_BODY = YES;
				CLANG_WARN_ENUM_CONVERSION = YES;
				CLANG_WARN_INFINITE_RECURSION = YES;
				CLANG_WARN_INT_CONVERSION = YES;
				CLANG_WARN_OBJC_ROOT_CLASS = YES_ERROR;
				CLANG_WARN_SUSPICIOUS_MOVE = YES;
				CLANG_WARN_SUSPICIOUS_MOVES = YES;
				CLANG_WARN_UNREACHABLE_CODE = YES;
				CLANG_WARN__DUPLICATE_METHOD_MATCH = YES;
				"CODE_SIGN_IDENTITY[sdk=iphoneos*]" = "iPhone Developer";
				COPY_PHASE_STRIP = NO;
				DEBUG_INFORMATION_FORMAT = dwarf;
				ENABLE_STRICT_OBJC_MSGSEND = YES;
				ENABLE_TESTABILITY = YES;
				GCC_C_LANGUAGE_STANDARD = gnu99;
				GCC_DYNAMIC_NO_PIC = NO;
				GCC_NO_COMMON_BLOCKS = YES;
				GCC_OPTIMIZATION_LEVEL = 0;
				GCC_PREPROCESSOR_DEFINITIONS = (
					"DEBUG=1",
					"$(inherited)",
				);
				GCC_WARN_64_TO_32_BIT_CONVERSION = YES;
				GCC_WARN_ABOUT_RETURN_TYPE = YES_ERROR;
				GCC_WARN_UNDECLARED_SELECTOR = YES;
				GCC_WARN_UNINITIALIZED_AUTOS = YES_AGGRESSIVE;
				GCC_WARN_UNUSED_FUNCTION = YES;
				GCC_WARN_UNUSED_VARIABLE = YES;
				IPHONEOS_DEPLOYMENT_TARGET = 10.0;
				MTL_ENABLE_DEBUG_INFO = YES;
				ONLY_ACTIVE_ARCH = YES;
				SDKROOT = iphoneos;
				SWIFT_ACTIVE_COMPILATION_CONDITIONS = DEBUG;
				SWIFT_OPTIMIZATION_LEVEL = "-Onone";
				TARGETED_DEVICE_FAMILY = "1,2";
			};
			name = Debug;
		};
		ED2058DB1DD10D1B0029879B /* Release */ = {
			isa = XCBuildConfiguration;
			buildSettings = {
				ALWAYS_SEARCH_USER_PATHS = NO;
				CLANG_ANALYZER_NONNULL = YES;
				CLANG_CXX_LANGUAGE_STANDARD = "gnu++0x";
				CLANG_CXX_LIBRARY = "libc++";
				CLANG_ENABLE_MODULES = YES;
				CLANG_ENABLE_OBJC_ARC = YES;
				CLANG_WARN_BOOL_CONVERSION = YES;
				CLANG_WARN_CONSTANT_CONVERSION = YES;
				CLANG_WARN_DIRECT_OBJC_ISA_USAGE = YES_ERROR;
				CLANG_WARN_DOCUMENTATION_COMMENTS = YES;
				CLANG_WARN_EMPTY_BODY = YES;
				CLANG_WARN_ENUM_CONVERSION = YES;
				CLANG_WARN_INFINITE_RECURSION = YES;
				CLANG_WARN_INT_CONVERSION = YES;
				CLANG_WARN_OBJC_ROOT_CLASS = YES_ERROR;
				CLANG_WARN_SUSPICIOUS_MOVE = YES;
				CLANG_WARN_SUSPICIOUS_MOVES = YES;
				CLANG_WARN_UNREACHABLE_CODE = YES;
				CLANG_WARN__DUPLICATE_METHOD_MATCH = YES;
				"CODE_SIGN_IDENTITY[sdk=iphoneos*]" = "iPhone Developer";
				COPY_PHASE_STRIP = NO;
				DEBUG_INFORMATION_FORMAT = "dwarf-with-dsym";
				ENABLE_NS_ASSERTIONS = NO;
				ENABLE_STRICT_OBJC_MSGSEND = YES;
				GCC_C_LANGUAGE_STANDARD = gnu99;
				GCC_NO_COMMON_BLOCKS = YES;
				GCC_WARN_64_TO_32_BIT_CONVERSION = YES;
				GCC_WARN_ABOUT_RETURN_TYPE = YES_ERROR;
				GCC_WARN_UNDECLARED_SELECTOR = YES;
				GCC_WARN_UNINITIALIZED_AUTOS = YES_AGGRESSIVE;
				GCC_WARN_UNUSED_FUNCTION = YES;
				GCC_WARN_UNUSED_VARIABLE = YES;
				IPHONEOS_DEPLOYMENT_TARGET = 10.0;
				MTL_ENABLE_DEBUG_INFO = NO;
				SDKROOT = iphoneos;
				SWIFT_OPTIMIZATION_LEVEL = "-Owholemodule";
				TARGETED_DEVICE_FAMILY = "1,2";
				VALIDATE_PRODUCT = YES;
			};
			name = Release;
		};
		ED2058DD1DD10D1B0029879B /* Debug */ = {
			isa = XCBuildConfiguration;
			baseConfigurationReference = 0B6A8BC346991BC4337B6062 /* Pods-NimbleRide.debug.xcconfig */;
			buildSettings = {
				ASSETCATALOG_COMPILER_APPICON_NAME = AppIcon;
				CLANG_ENABLE_MODULES = YES;
				CODE_SIGN_ENTITLEMENTS = NimbleRide/NimbleRide.entitlements;
				"CODE_SIGN_IDENTITY[sdk=iphoneos*]" = "iPhone Developer";
				DEVELOPMENT_TEAM = LAPKZ7JHB5;
				FRAMEWORK_SEARCH_PATHS = (
					"$(inherited)",
					"$(PROJECT_DIR)/build/Debug-iphoneos/FBSDKCoreKit",
					"$(PROJECT_DIR)/build/Debug-iphoneos/FBSDKLoginKit",
					"$(PROJECT_DIR)/build/Debug-iphoneos/FBSDKShareKit",
				);
				INFOPLIST_FILE = NimbleRide/Info.plist;
				LD_RUNPATH_SEARCH_PATHS = "$(inherited) @executable_path/Frameworks";

				PRODUCT_BUNDLE_IDENTIFIER = app.NimbleRide1;
				PRODUCT_NAME = "$(TARGET_NAME)";
				PROVISIONING_PROFILE_SPECIFIER = "";
				SWIFT_OBJC_BRIDGING_HEADER = "NimbleRide/Serial-Bridging-Header.h";
				SWIFT_OPTIMIZATION_LEVEL = "-Onone";
				SWIFT_VERSION = 3.0;
			};
			name = Debug;
		};
		ED2058DE1DD10D1B0029879B /* Release */ = {
			isa = XCBuildConfiguration;
			baseConfigurationReference = 378F7992FF3A92932C16FA7B /* Pods-NimbleRide.release.xcconfig */;
			buildSettings = {
				ASSETCATALOG_COMPILER_APPICON_NAME = AppIcon;
				CLANG_ENABLE_MODULES = YES;
				CODE_SIGN_ENTITLEMENTS = NimbleRide/NimbleRide.entitlements;
				"CODE_SIGN_IDENTITY[sdk=iphoneos*]" = "iPhone Developer";
				DEVELOPMENT_TEAM = LAPKZ7JHB5;
				FRAMEWORK_SEARCH_PATHS = (
					"$(inherited)",
					"$(PROJECT_DIR)/build/Debug-iphoneos/FBSDKCoreKit",
					"$(PROJECT_DIR)/build/Debug-iphoneos/FBSDKLoginKit",
					"$(PROJECT_DIR)/build/Debug-iphoneos/FBSDKShareKit",
				);
				INFOPLIST_FILE = NimbleRide/Info.plist;
				LD_RUNPATH_SEARCH_PATHS = "$(inherited) @executable_path/Frameworks";
				PRODUCT_BUNDLE_IDENTIFIER = app.NimbleRide1;
				PRODUCT_NAME = "$(TARGET_NAME)";
				PROVISIONING_PROFILE_SPECIFIER = "";
				SWIFT_OBJC_BRIDGING_HEADER = "NimbleRide/Serial-Bridging-Header.h";
				SWIFT_VERSION = 3.0;
			};
			name = Release;
		};
		ED2058E01DD10D1B0029879B /* Debug */ = {
			isa = XCBuildConfiguration;
			baseConfigurationReference = EE0C654AA8533192193238D7 /* Pods-NimbleRideTests.debug.xcconfig */;
			buildSettings = {
				ALWAYS_EMBED_SWIFT_STANDARD_LIBRARIES = YES;
				BUNDLE_LOADER = "$(TEST_HOST)";
				DEVELOPMENT_TEAM = 97E8A4AYGV;
				INFOPLIST_FILE = NimbleRideTests/Info.plist;
				LD_RUNPATH_SEARCH_PATHS = "$(inherited) @executable_path/Frameworks @loader_path/Frameworks";
				PRODUCT_BUNDLE_IDENTIFIER = noneForNow.NimbleRideTests;
				PRODUCT_NAME = "$(TARGET_NAME)";
				SWIFT_VERSION = 3.0;
				TEST_HOST = "$(BUILT_PRODUCTS_DIR)/NimbleRide.app/NimbleRide";
			};
			name = Debug;
		};
		ED2058E11DD10D1B0029879B /* Release */ = {
			isa = XCBuildConfiguration;
			baseConfigurationReference = C4D6CA99DAF95E09BE7DD921 /* Pods-NimbleRideTests.release.xcconfig */;
			buildSettings = {
				ALWAYS_EMBED_SWIFT_STANDARD_LIBRARIES = YES;
				BUNDLE_LOADER = "$(TEST_HOST)";
				DEVELOPMENT_TEAM = 97E8A4AYGV;
				INFOPLIST_FILE = NimbleRideTests/Info.plist;
				LD_RUNPATH_SEARCH_PATHS = "$(inherited) @executable_path/Frameworks @loader_path/Frameworks";
				PRODUCT_BUNDLE_IDENTIFIER = noneForNow.NimbleRideTests;
				PRODUCT_NAME = "$(TARGET_NAME)";
				SWIFT_VERSION = 3.0;
				TEST_HOST = "$(BUILT_PRODUCTS_DIR)/NimbleRide.app/NimbleRide";
			};
			name = Release;
		};
		ED2058E31DD10D1B0029879B /* Debug */ = {
			isa = XCBuildConfiguration;
			baseConfigurationReference = 7CA89EC3B8BA531DFFBEE78A /* Pods-NimbleRideUITests.debug.xcconfig */;
			buildSettings = {
				ALWAYS_EMBED_SWIFT_STANDARD_LIBRARIES = YES;
				DEVELOPMENT_TEAM = 97E8A4AYGV;
				INFOPLIST_FILE = NimbleRideUITests/Info.plist;
				LD_RUNPATH_SEARCH_PATHS = "$(inherited) @executable_path/Frameworks @loader_path/Frameworks";
				PRODUCT_BUNDLE_IDENTIFIER = noneForNow.NimbleRideUITests;
				PRODUCT_NAME = "$(TARGET_NAME)";
				SWIFT_VERSION = 3.0;
				TEST_TARGET_NAME = NimbleRide;
			};
			name = Debug;
		};
		ED2058E41DD10D1B0029879B /* Release */ = {
			isa = XCBuildConfiguration;
			baseConfigurationReference = 1553C7D9C7683D4A696A15B6 /* Pods-NimbleRideUITests.release.xcconfig */;
			buildSettings = {
				ALWAYS_EMBED_SWIFT_STANDARD_LIBRARIES = YES;
				DEVELOPMENT_TEAM = 97E8A4AYGV;
				INFOPLIST_FILE = NimbleRideUITests/Info.plist;
				LD_RUNPATH_SEARCH_PATHS = "$(inherited) @executable_path/Frameworks @loader_path/Frameworks";
				PRODUCT_BUNDLE_IDENTIFIER = noneForNow.NimbleRideUITests;
				PRODUCT_NAME = "$(TARGET_NAME)";
				SWIFT_VERSION = 3.0;
				TEST_TARGET_NAME = NimbleRide;
			};
			name = Release;
		};
/* End XCBuildConfiguration section */

/* Begin XCConfigurationList section */
		ED2058AF1DD10D1B0029879B /* Build configuration list for PBXProject "NimbleRide" */ = {
			isa = XCConfigurationList;
			buildConfigurations = (
				ED2058DA1DD10D1B0029879B /* Debug */,
				ED2058DB1DD10D1B0029879B /* Release */,
			);
			defaultConfigurationIsVisible = 0;
			defaultConfigurationName = Release;
		};
		ED2058DC1DD10D1B0029879B /* Build configuration list for PBXNativeTarget "NimbleRide" */ = {
			isa = XCConfigurationList;
			buildConfigurations = (
				ED2058DD1DD10D1B0029879B /* Debug */,
				ED2058DE1DD10D1B0029879B /* Release */,
			);
			defaultConfigurationIsVisible = 0;
			defaultConfigurationName = Release;
		};
		ED2058DF1DD10D1B0029879B /* Build configuration list for PBXNativeTarget "NimbleRideTests" */ = {
			isa = XCConfigurationList;
			buildConfigurations = (
				ED2058E01DD10D1B0029879B /* Debug */,
				ED2058E11DD10D1B0029879B /* Release */,
			);
			defaultConfigurationIsVisible = 0;
			defaultConfigurationName = Release;
		};
		ED2058E21DD10D1B0029879B /* Build configuration list for PBXNativeTarget "NimbleRideUITests" */ = {
			isa = XCConfigurationList;
			buildConfigurations = (
				ED2058E31DD10D1B0029879B /* Debug */,
				ED2058E41DD10D1B0029879B /* Release */,
			);
			defaultConfigurationIsVisible = 0;
			defaultConfigurationName = Release;
		};
/* End XCConfigurationList section */
	};
	rootObject = ED2058AC1DD10D1B0029879B /* Project object */;
}
